
Microsoft Visual Studio Solution File, Format Version 12.00
# Visual Studio Version 17
VisualStudioVersion = 17.4.33213.308
MinimumVisualStudioVersion = 10.0.40219.1
Project("{FAE04EC0-301F-11D3-BF4B-00C04F79EFBC}") = "WCF_Matriculas", "WCF_Matriculas\WCF_Matriculas.csproj", "{C078FBDF-8F12-4F55-BD36-14BB491BE745}"
EndProject
Project("{FAE04EC0-301F-11D3-BF4B-00C04F79EFBC}") = "Cliente_WCF_Matriculas", "Cliente_WCF_Matriculas\Cliente_WCF_Matriculas.csproj", "{5DD1E12D-BB38-4EB3-9ED0-958528620D98}"
	ProjectSection(ProjectDependencies) = postProject
		{C078FBDF-8F12-4F55-BD36-14BB491BE745} = {C078FBDF-8F12-4F55-BD36-14BB491BE745}
	EndProjectSection
EndProject
Global
	GlobalSection(SolutionConfigurationPlatforms) = preSolution
		Debug|Any CPU = Debug|Any CPU
		Release|Any CPU = Release|Any CPU
	EndGlobalSection
	GlobalSection(ProjectConfigurationPlatforms) = postSolution
		{C078FBDF-8F12-4F55-BD36-14BB491BE745}.Debug|Any CPU.ActiveCfg = Debug|Any CPU
		{C078FBDF-8F12-4F55-BD36-14BB491BE745}.Debug|Any CPU.Build.0 = Debug|Any CPU
		{C078FBDF-8F12-4F55-BD36-14BB491BE745}.Release|Any CPU.ActiveCfg = Release|Any CPU
		{C078FBDF-8F12-4F55-BD36-14BB491BE745}.Release|Any CPU.Build.0 = Release|Any CPU
		{5DD1E12D-BB38-4EB3-9ED0-958528620D98}.Debug|Any CPU.ActiveCfg = Debug|Any CPU
		{5DD1E12D-BB38-4EB3-9ED0-958528620D98}.Debug|Any CPU.Build.0 = Debug|Any CPU
		{5DD1E12D-BB38-4EB3-9ED0-958528620D98}.Release|Any CPU.ActiveCfg = Release|Any CPU
		{5DD1E12D-BB38-4EB3-9ED0-958528620D98}.Release|Any CPU.Build.0 = Release|Any CPU
	EndGlobalSection
	GlobalSection(SolutionProperties) = preSolution
		HideSolutionNode = FALSE
	EndGlobalSection
	GlobalSection(ExtensibilityGlobals) = postSolution
		SolutionGuid = {F7022D60-F9EA-465B-B9CF-BF84D8D78061}
	EndGlobalSection
EndGlobal
